// !$*UTF8*$!
{
	archiveVersion = 1;
	classes = {
	};
	objectVersion = 46;
	objects = {

/* Begin PBXBuildFile section */
		006D720419952D00008149E2 /* AVFoundation.framework in Frameworks */ = {isa = PBXBuildFile; fileRef = 006D720219952D00008149E2 /* AVFoundation.framework */; };
		006D720519952D00008149E2 /* CoreMedia.framework in Frameworks */ = {isa = PBXBuildFile; fileRef = 006D720319952D00008149E2 /* CoreMedia.framework */; };
		0091D8F90E81B9330029341E /* OpenGL.framework in Frameworks */ = {isa = PBXBuildFile; fileRef = 0091D8F80E81B9330029341E /* OpenGL.framework */; };
		00B784B30FF439BC000DE1D7 /* Accelerate.framework in Frameworks */ = {isa = PBXBuildFile; fileRef = 00B784AF0FF439BC000DE1D7 /* Accelerate.framework */; };
		00B784B40FF439BC000DE1D7 /* AudioToolbox.framework in Frameworks */ = {isa = PBXBuildFile; fileRef = 00B784B00FF439BC000DE1D7 /* AudioToolbox.framework */; };
		00B784B50FF439BC000DE1D7 /* AudioUnit.framework in Frameworks */ = {isa = PBXBuildFile; fileRef = 00B784B10FF439BC000DE1D7 /* AudioUnit.framework */; };
		00B784B60FF439BC000DE1D7 /* CoreAudio.framework in Frameworks */ = {isa = PBXBuildFile; fileRef = 00B784B20FF439BC000DE1D7 /* CoreAudio.framework */; };
		00B9955A1B128DF400A5C623 /* IOKit.framework in Frameworks */ = {isa = PBXBuildFile; fileRef = 00B995581B128DF400A5C623 /* IOKit.framework */; };
		00B9955B1B128DF400A5C623 /* IOSurface.framework in Frameworks */ = {isa = PBXBuildFile; fileRef = 00B995591B128DF400A5C623 /* IOSurface.framework */; };
		5323E6B20EAFCA74003A9687 /* CoreVideo.framework in Frameworks */ = {isa = PBXBuildFile; fileRef = 5323E6B10EAFCA74003A9687 /* CoreVideo.framework */; };
		8D11072F0486CEB800E47090 /* Cocoa.framework in Frameworks */ = {isa = PBXBuildFile; fileRef = 1058C7A1FEA54F0111CA2CBB /* Cocoa.framework */; };
		09EA104A45A34D57A1BEF9EE /* ring_buffer.c in Sources */ = {isa = PBXBuildFile; fileRef = 810C54D185A9461F93CE8CC1 /* ring_buffer.c */; };
		27D79429C274435682382635 /* scip_handler.c in Sources */ = {isa = PBXBuildFile; fileRef = C363A12EE76D4BE4985D3CBD /* scip_handler.c */; };
		FDF2769130DC4EBD9FD69640 /* serial_ctrl.c in Sources */ = {isa = PBXBuildFile; fileRef = C3AB93E18F5E4272A624FADA /* serial_ctrl.c */; };
		423FA9ECEAE74FDFA17E1E58 /* serial_utils.c in Sources */ = {isa = PBXBuildFile; fileRef = F79D0C97FD904690BC20549A /* serial_utils.c */; };
		BB62785B67184390BDE1D1E4 /* urg_ctrl.c in Sources */ = {isa = PBXBuildFile; fileRef = 514CE4B4E56F409C80ED33E1 /* urg_ctrl.c */; };
		AD4E4BC9A17F4A72BE0F0AC5 /* urg_delay.c in Sources */ = {isa = PBXBuildFile; fileRef = EFA1193858084F64B788659C /* urg_delay.c */; };
		06F90F07A00C4ABBA9124995 /* urg_errno.c in Sources */ = {isa = PBXBuildFile; fileRef = 2C5FE39992C243C49D1F97ED /* urg_errno.c */; };
		3DA7A732D2D94BE98AEB3BB1 /* urg_ticks.c in Sources */ = {isa = PBXBuildFile; fileRef = A6F8B46EA5E041C19415E4D8 /* urg_ticks.c */; };
		676FD516686C41DC856BFEAD /* UrgController.cpp in Sources */ = {isa = PBXBuildFile; fileRef = BAAE0DB4B7984AEA80B42735 /* UrgController.cpp */; };
		684543A42A6043B782323678 /* UrgController.h in Headers */ = {isa = PBXBuildFile; fileRef = 34B0AA9F3B49401387C254EA /* UrgController.h */; };
		74F7377597D3440680E53470 /* urg_ticks.h in Headers */ = {isa = PBXBuildFile; fileRef = EF903AC431584880938F0EAD /* urg_ticks.h */; };
		88D641BD28594A7BB80164BC /* urg_t.h in Headers */ = {isa = PBXBuildFile; fileRef = 8DEDADDDD28B4841BBC99295 /* urg_t.h */; };
		3E402B2FAEA74F6987198BD9 /* urg_parameter_t.h in Headers */ = {isa = PBXBuildFile; fileRef = 32CBDE59880E4F37A41239CD /* urg_parameter_t.h */; };
		A88150E13F3143E1AF4EF1AE /* urg_errno.h in Headers */ = {isa = PBXBuildFile; fileRef = E209779884534D5E838BB05A /* urg_errno.h */; };
		EC71A7896EB04DC0B1F9E1C5 /* urg_delay.h in Headers */ = {isa = PBXBuildFile; fileRef = 914F9C9D81F94DFDB9D652ED /* urg_delay.h */; };
		774B52F5BE0947C5876A07F0 /* urg_ctrl.h in Headers */ = {isa = PBXBuildFile; fileRef = EFDB73FB6E104FA0A0C34533 /* urg_ctrl.h */; };
		F6FE327A56DC4EDBBC4D0B0C /* serial_utils.h in Headers */ = {isa = PBXBuildFile; fileRef = A70C52F8AA4044DB80384F02 /* serial_utils.h */; };
		D986CB6747B94AC09DCA4738 /* serial_t_win.h in Headers */ = {isa = PBXBuildFile; fileRef = 98F0C6F54DD445E0B0487589 /* serial_t_win.h */; };
		FCB9EBCA17C941EEA6B090E7 /* serial_t_lin.h in Headers */ = {isa = PBXBuildFile; fileRef = C542EEB28C914C2A90634153 /* serial_t_lin.h */; };
		33031BD96A534D17A86031D1 /* serial_t.h in Headers */ = {isa = PBXBuildFile; fileRef = 5656F753140E43D7B700DBAE /* serial_t.h */; };
		3C9660FBB35E45F395088BAD /* serial_errno.h in Headers */ = {isa = PBXBuildFile; fileRef = 5F502096F73449AF8C8C12DE /* serial_errno.h */; };
		46DA658217A64E91B1902284 /* serial_ctrl.h in Headers */ = {isa = PBXBuildFile; fileRef = 73777F1C3C194BAEA70F4992 /* serial_ctrl.h */; };
		3B9E1DFE9FBF48308FDB6659 /* scip_handler.h in Headers */ = {isa = PBXBuildFile; fileRef = FA356C44FEBF49F7AFDD8ACA /* scip_handler.h */; };
		92BC5C4A80C942DF876E4E55 /* ring_buffer.h in Headers */ = {isa = PBXBuildFile; fileRef = 3D8EA2D9FA9641E986489CF9 /* ring_buffer.h */; };
		79D65916DA104863A6BCFA2D /* math_utils.h in Headers */ = {isa = PBXBuildFile; fileRef = 2E554977B4ED4A8DA9A6F93C /* math_utils.h */; };
		22DBE561EF6B4A15B48B0C22 /* detect_os.h in Headers */ = {isa = PBXBuildFile; fileRef = 7BAFBA63ABC6430C97CBD7B9 /* detect_os.h */; };
		2B79D42E894F4BBB8633B2EB /* CinderProjectApp.cpp in Sources */ = {isa = PBXBuildFile; fileRef = C024C0AA6B484ED9A6396EEF /* CinderProjectApp.cpp */; };
		1647E31D81F748AE83D1914B /* CinderProject_Prefix.pch in Headers */ = {isa = PBXBuildFile; fileRef = F4A128B870BA4DA4B9A12F3E /* CinderProject_Prefix.pch */; };
		F4BBE80A53DB47CCB721BF08 /* CinderApp.icns in Resources */ = {isa = PBXBuildFile; fileRef = 1320C84D950246D996202DE8 /* CinderApp.icns */; };
		8C157D8268D8447E88B6724D /* Resources.h in Headers */ = {isa = PBXBuildFile; fileRef = 4AD58E089D9549A392C51870 /* Resources.h */; };
/* End PBXBuildFile section */

/* Begin PBXFileReference section */
		006D720219952D00008149E2 /* AVFoundation.framework */ = {isa = PBXFileReference; lastKnownFileType = wrapper.framework; name = AVFoundation.framework; path = System/Library/Frameworks/AVFoundation.framework; sourceTree = SDKROOT; };
		006D720319952D00008149E2 /* CoreMedia.framework */ = {isa = PBXFileReference; lastKnownFileType = wrapper.framework; name = CoreMedia.framework; path = System/Library/Frameworks/CoreMedia.framework; sourceTree = SDKROOT; };
		0091D8F80E81B9330029341E /* OpenGL.framework */ = {isa = PBXFileReference; lastKnownFileType = wrapper.framework; name = OpenGL.framework; path = /System/Library/Frameworks/OpenGL.framework; sourceTree = "<absolute>"; };
		00B784AF0FF439BC000DE1D7 /* Accelerate.framework */ = {isa = PBXFileReference; lastKnownFileType = wrapper.framework; name = Accelerate.framework; path = System/Library/Frameworks/Accelerate.framework; sourceTree = SDKROOT; };
		00B784B00FF439BC000DE1D7 /* AudioToolbox.framework */ = {isa = PBXFileReference; lastKnownFileType = wrapper.framework; name = AudioToolbox.framework; path = System/Library/Frameworks/AudioToolbox.framework; sourceTree = SDKROOT; };
		00B784B10FF439BC000DE1D7 /* AudioUnit.framework */ = {isa = PBXFileReference; lastKnownFileType = wrapper.framework; name = AudioUnit.framework; path = System/Library/Frameworks/AudioUnit.framework; sourceTree = SDKROOT; };
		00B784B20FF439BC000DE1D7 /* CoreAudio.framework */ = {isa = PBXFileReference; lastKnownFileType = wrapper.framework; name = CoreAudio.framework; path = System/Library/Frameworks/CoreAudio.framework; sourceTree = SDKROOT; };
		00B995581B128DF400A5C623 /* IOKit.framework */ = {isa = PBXFileReference; lastKnownFileType = wrapper.framework; name = IOKit.framework; path = System/Library/Frameworks/IOKit.framework; sourceTree = SDKROOT; };
		00B995591B128DF400A5C623 /* IOSurface.framework */ = {isa = PBXFileReference; lastKnownFileType = wrapper.framework; name = IOSurface.framework; path = System/Library/Frameworks/IOSurface.framework; sourceTree = SDKROOT; };
		1058C7A1FEA54F0111CA2CBB /* Cocoa.framework */ = {isa = PBXFileReference; lastKnownFileType = wrapper.framework; name = Cocoa.framework; path = /System/Library/Frameworks/Cocoa.framework; sourceTree = "<absolute>"; };
		29B97324FDCFA39411CA2CEA /* AppKit.framework */ = {isa = PBXFileReference; lastKnownFileType = wrapper.framework; name = AppKit.framework; path = /System/Library/Frameworks/AppKit.framework; sourceTree = "<absolute>"; };
		29B97325FDCFA39411CA2CEA /* Foundation.framework */ = {isa = PBXFileReference; lastKnownFileType = wrapper.framework; name = Foundation.framework; path = /System/Library/Frameworks/Foundation.framework; sourceTree = "<absolute>"; };
		5323E6B10EAFCA74003A9687 /* CoreVideo.framework */ = {isa = PBXFileReference; lastKnownFileType = wrapper.framework; name = CoreVideo.framework; path = /System/Library/Frameworks/CoreVideo.framework; sourceTree = "<absolute>"; };
		8D1107320486CEB800E47090 /* CinderProject.app */ = {isa = PBXFileReference; explicitFileType = wrapper.application; includeInIndex = 0; path = CinderProject.app; sourceTree = BUILT_PRODUCTS_DIR; };
		4AD58E089D9549A392C51870 /* Resources.h */ = {isa = PBXFileReference; lastKnownFileType = sourcecode.c.h; path = ../include/Resources.h; sourceTree = "<group>"; name = Resources.h; };
		1320C84D950246D996202DE8 /* CinderApp.icns */ = {isa = PBXFileReference; lastKnownFileType = image.icns; path = ../resources/CinderApp.icns; sourceTree = "<group>"; name = CinderApp.icns; };
		B095153121E246CF9422209B /* Info.plist */ = {isa = PBXFileReference; lastKnownFileType = text.plist.xml; path = Info.plist; sourceTree = "<group>"; name = Info.plist; };
		F4A128B870BA4DA4B9A12F3E /* CinderProject_Prefix.pch */ = {isa = PBXFileReference; lastKnownFileType = "\"\""; path = CinderProject_Prefix.pch; sourceTree = "<group>"; name = CinderProject_Prefix.pch; };
		C024C0AA6B484ED9A6396EEF /* CinderProjectApp.cpp */ = {isa = PBXFileReference; lastKnownFileType = sourcecode.c.cpp; path = ../src/CinderProjectApp.cpp; sourceTree = "<group>"; name = CinderProjectApp.cpp; };
		7BAFBA63ABC6430C97CBD7B9 /* detect_os.h */ = {isa = PBXFileReference; lastKnownFileType = sourcecode.c.h; path = ../../../lib/urg/include/detect_os.h; sourceTree = "<group>"; name = detect_os.h; };
		2E554977B4ED4A8DA9A6F93C /* math_utils.h */ = {isa = PBXFileReference; lastKnownFileType = sourcecode.c.h; path = ../../../lib/urg/include/math_utils.h; sourceTree = "<group>"; name = math_utils.h; };
		3D8EA2D9FA9641E986489CF9 /* ring_buffer.h */ = {isa = PBXFileReference; lastKnownFileType = sourcecode.c.h; path = ../../../lib/urg/include/ring_buffer.h; sourceTree = "<group>"; name = ring_buffer.h; };
		FA356C44FEBF49F7AFDD8ACA /* scip_handler.h */ = {isa = PBXFileReference; lastKnownFileType = sourcecode.c.h; path = ../../../lib/urg/include/scip_handler.h; sourceTree = "<group>"; name = scip_handler.h; };
		73777F1C3C194BAEA70F4992 /* serial_ctrl.h */ = {isa = PBXFileReference; lastKnownFileType = sourcecode.c.h; path = ../../../lib/urg/include/serial_ctrl.h; sourceTree = "<group>"; name = serial_ctrl.h; };
		5F502096F73449AF8C8C12DE /* serial_errno.h */ = {isa = PBXFileReference; lastKnownFileType = sourcecode.c.h; path = ../../../lib/urg/include/serial_errno.h; sourceTree = "<group>"; name = serial_errno.h; };
		5656F753140E43D7B700DBAE /* serial_t.h */ = {isa = PBXFileReference; lastKnownFileType = sourcecode.c.h; path = ../../../lib/urg/include/serial_t.h; sourceTree = "<group>"; name = serial_t.h; };
		C542EEB28C914C2A90634153 /* serial_t_lin.h */ = {isa = PBXFileReference; lastKnownFileType = sourcecode.c.h; path = ../../../lib/urg/include/serial_t_lin.h; sourceTree = "<group>"; name = serial_t_lin.h; };
		98F0C6F54DD445E0B0487589 /* serial_t_win.h */ = {isa = PBXFileReference; lastKnownFileType = sourcecode.c.h; path = ../../../lib/urg/include/serial_t_win.h; sourceTree = "<group>"; name = serial_t_win.h; };
		A70C52F8AA4044DB80384F02 /* serial_utils.h */ = {isa = PBXFileReference; lastKnownFileType = sourcecode.c.h; path = ../../../lib/urg/include/serial_utils.h; sourceTree = "<group>"; name = serial_utils.h; };
		EFDB73FB6E104FA0A0C34533 /* urg_ctrl.h */ = {isa = PBXFileReference; lastKnownFileType = sourcecode.c.h; path = ../../../lib/urg/include/urg_ctrl.h; sourceTree = "<group>"; name = urg_ctrl.h; };
		914F9C9D81F94DFDB9D652ED /* urg_delay.h */ = {isa = PBXFileReference; lastKnownFileType = sourcecode.c.h; path = ../../../lib/urg/include/urg_delay.h; sourceTree = "<group>"; name = urg_delay.h; };
		E209779884534D5E838BB05A /* urg_errno.h */ = {isa = PBXFileReference; lastKnownFileType = sourcecode.c.h; path = ../../../lib/urg/include/urg_errno.h; sourceTree = "<group>"; name = urg_errno.h; };
		32CBDE59880E4F37A41239CD /* urg_parameter_t.h */ = {isa = PBXFileReference; lastKnownFileType = sourcecode.c.h; path = ../../../lib/urg/include/urg_parameter_t.h; sourceTree = "<group>"; name = urg_parameter_t.h; };
		8DEDADDDD28B4841BBC99295 /* urg_t.h */ = {isa = PBXFileReference; lastKnownFileType = sourcecode.c.h; path = ../../../lib/urg/include/urg_t.h; sourceTree = "<group>"; name = urg_t.h; };
		EF903AC431584880938F0EAD /* urg_ticks.h */ = {isa = PBXFileReference; lastKnownFileType = sourcecode.c.h; path = ../../../lib/urg/include/urg_ticks.h; sourceTree = "<group>"; name = urg_ticks.h; };
		34B0AA9F3B49401387C254EA /* UrgController.h */ = {isa = PBXFileReference; lastKnownFileType = sourcecode.c.h; path = ../../../include/UrgController.h; sourceTree = "<group>"; name = UrgController.h; };
		BAAE0DB4B7984AEA80B42735 /* UrgController.cpp */ = {isa = PBXFileReference; lastKnownFileType = sourcecode.c.cpp; path = ../../../src/UrgController.cpp; sourceTree = "<group>"; name = UrgController.cpp; };
		A6F8B46EA5E041C19415E4D8 /* urg_ticks.c */ = {isa = PBXFileReference; lastKnownFileType = "\"\""; path = ../../../lib/urg/src/urg_ticks.c; sourceTree = "<group>"; name = urg_ticks.c; };
		2C5FE39992C243C49D1F97ED /* urg_errno.c */ = {isa = PBXFileReference; lastKnownFileType = "\"\""; path = ../../../lib/urg/src/urg_errno.c; sourceTree = "<group>"; name = urg_errno.c; };
		EFA1193858084F64B788659C /* urg_delay.c */ = {isa = PBXFileReference; lastKnownFileType = "\"\""; path = ../../../lib/urg/src/urg_delay.c; sourceTree = "<group>"; name = urg_delay.c; };
		514CE4B4E56F409C80ED33E1 /* urg_ctrl.c */ = {isa = PBXFileReference; lastKnownFileType = "\"\""; path = ../../../lib/urg/src/urg_ctrl.c; sourceTree = "<group>"; name = urg_ctrl.c; };
		F79D0C97FD904690BC20549A /* serial_utils.c */ = {isa = PBXFileReference; lastKnownFileType = "\"\""; path = ../../../lib/urg/src/serial_utils.c; sourceTree = "<group>"; name = serial_utils.c; };
		C3AB93E18F5E4272A624FADA /* serial_ctrl.c */ = {isa = PBXFileReference; lastKnownFileType = "\"\""; path = ../../../lib/urg/src/serial_ctrl.c; sourceTree = "<group>"; name = serial_ctrl.c; };
		C363A12EE76D4BE4985D3CBD /* scip_handler.c */ = {isa = PBXFileReference; lastKnownFileType = "\"\""; path = ../../../lib/urg/src/scip_handler.c; sourceTree = "<group>"; name = scip_handler.c; };
		810C54D185A9461F93CE8CC1 /* ring_buffer.c */ = {isa = PBXFileReference; lastKnownFileType = "\"\""; path = ../../../lib/urg/src/ring_buffer.c; sourceTree = "<group>"; name = ring_buffer.c; };
/* End PBXFileReference section */

/* Begin PBXFrameworksBuildPhase section */
		8D11072E0486CEB800E47090 /* Frameworks */ = {
			isa = PBXFrameworksBuildPhase;
			buildActionMask = 2147483647;
			files = (
				006D720419952D00008149E2 /* AVFoundation.framework in Frameworks */,
				006D720519952D00008149E2 /* CoreMedia.framework in Frameworks */,
				8D11072F0486CEB800E47090 /* Cocoa.framework in Frameworks */,
				0091D8F90E81B9330029341E /* OpenGL.framework in Frameworks */,
				5323E6B20EAFCA74003A9687 /* CoreVideo.framework in Frameworks */,
				00B784B30FF439BC000DE1D7 /* Accelerate.framework in Frameworks */,
				00B784B40FF439BC000DE1D7 /* AudioToolbox.framework in Frameworks */,
				00B784B50FF439BC000DE1D7 /* AudioUnit.framework in Frameworks */,
				00B784B60FF439BC000DE1D7 /* CoreAudio.framework in Frameworks */,
				00B9955A1B128DF400A5C623 /* IOKit.framework in Frameworks */,
				00B9955B1B128DF400A5C623 /* IOSurface.framework in Frameworks */,
			);
			runOnlyForDeploymentPostprocessing = 0;
		};
/* End PBXFrameworksBuildPhase section */

/* Begin PBXGroup section */
		080E96DDFE201D6D7F000001 /* Source */ = {
			isa = PBXGroup;
			children = (
				C024C0AA6B484ED9A6396EEF /* CinderProjectApp.cpp */,
			);
			name = Source;
			sourceTree = "<group>";
		};
		1058C7A0FEA54F0111CA2CBB /* Linked Frameworks */ = {
			isa = PBXGroup;
			children = (
				006D720219952D00008149E2 /* AVFoundation.framework */,
				006D720319952D00008149E2 /* CoreMedia.framework */,
				00B784AF0FF439BC000DE1D7 /* Accelerate.framework */,
				00B784B00FF439BC000DE1D7 /* AudioToolbox.framework */,
				00B784B10FF439BC000DE1D7 /* AudioUnit.framework */,
				00B784B20FF439BC000DE1D7 /* CoreAudio.framework */,
				5323E6B10EAFCA74003A9687 /* CoreVideo.framework */,
				0091D8F80E81B9330029341E /* OpenGL.framework */,
				1058C7A1FEA54F0111CA2CBB /* Cocoa.framework */,
				00B995581B128DF400A5C623 /* IOKit.framework */,
				00B995591B128DF400A5C623 /* IOSurface.framework */,
			);
			name = "Linked Frameworks";
			sourceTree = "<group>";
		};
		1058C7A2FEA54F0111CA2CBB /* Other Frameworks */ = {
			isa = PBXGroup;
			children = (
				29B97324FDCFA39411CA2CEA /* AppKit.framework */,
				29B97325FDCFA39411CA2CEA /* Foundation.framework */,
			);
			name = "Other Frameworks";
			sourceTree = "<group>";
		};
		19C28FACFE9D520D11CA2CBB /* Products */ = {
			isa = PBXGroup;
			children = (
				8D1107320486CEB800E47090 /* CinderProject.app */,
			);
			name = Products;
			sourceTree = "<group>";
		};
		29B97314FDCFA39411CA2CEA /* CinderProject */ = {
			isa = PBXGroup;
			children = (
				01B97315FEAEA392516A2CEA /* Blocks */,
				29B97315FDCFA39411CA2CEA /* Headers */,
				080E96DDFE201D6D7F000001 /* Source */,
				29B97317FDCFA39411CA2CEA /* Resources */,
				29B97323FDCFA39411CA2CEA /* Frameworks */,
				19C28FACFE9D520D11CA2CBB /* Products */,
			);
			name = CinderProject;
			sourceTree = "<group>";
		};
		72538D69FBC34DDAAF3DACF2 /* include */ = {
			isa = PBXGroup;
			children = (
				7BAFBA63ABC6430C97CBD7B9 /* detect_os.h */,
				2E554977B4ED4A8DA9A6F93C /* math_utils.h */,
				3D8EA2D9FA9641E986489CF9 /* ring_buffer.h */,
				FA356C44FEBF49F7AFDD8ACA /* scip_handler.h */,
				73777F1C3C194BAEA70F4992 /* serial_ctrl.h */,
				5F502096F73449AF8C8C12DE /* serial_errno.h */,
				5656F753140E43D7B700DBAE /* serial_t.h */,
				C542EEB28C914C2A90634153 /* serial_t_lin.h */,
				98F0C6F54DD445E0B0487589 /* serial_t_win.h */,
				A70C52F8AA4044DB80384F02 /* serial_utils.h */,
				EFDB73FB6E104FA0A0C34533 /* urg_ctrl.h */,
				914F9C9D81F94DFDB9D652ED /* urg_delay.h */,
				E209779884534D5E838BB05A /* urg_errno.h */,
				32CBDE59880E4F37A41239CD /* urg_parameter_t.h */,
				8DEDADDDD28B4841BBC99295 /* urg_t.h */,
				EF903AC431584880938F0EAD /* urg_ticks.h */,
			);
			name = include;
			sourceTree = "<group>";
		};
		0B4021479D4F416C9BD3272A /* src */ = {
			isa = PBXGroup;
			children = (
				A6F8B46EA5E041C19415E4D8 /* urg_ticks.c */,
				2C5FE39992C243C49D1F97ED /* urg_errno.c */,
				EFA1193858084F64B788659C /* urg_delay.c */,
				514CE4B4E56F409C80ED33E1 /* urg_ctrl.c */,
				F79D0C97FD904690BC20549A /* serial_utils.c */,
				C3AB93E18F5E4272A624FADA /* serial_ctrl.c */,
				C363A12EE76D4BE4985D3CBD /* scip_handler.c */,
				810C54D185A9461F93CE8CC1 /* ring_buffer.c */,
			);
			name = src;
			sourceTree = "<group>";
		};
		832C9C99F71F4131ACECA4CD /* urg */ = {
			isa = PBXGroup;
			children = (
				72538D69FBC34DDAAF3DACF2 /* include */,
				0B4021479D4F416C9BD3272A /* src */,
			);
			name = urg;
			sourceTree = "<group>";
		};
		27E11EB5637B44B79AB3F47B /* lib */ = {
			isa = PBXGroup;
			children = (
				832C9C99F71F4131ACECA4CD /* urg */,
			);
			name = lib;
			sourceTree = "<group>";
		};
		BDD643CB03704015A9D5C92A /* include */ = {
			isa = PBXGroup;
			children = (
				34B0AA9F3B49401387C254EA /* UrgController.h */,
			);
			name = include;
			sourceTree = "<group>";
		};
		096CB0EFFA8440CFACB14013 /* src */ = {
			isa = PBXGroup;
			children = (
				BAAE0DB4B7984AEA80B42735 /* UrgController.cpp */,
			);
			name = src;
			sourceTree = "<group>";
		};
		772DDFF5BF1148C3BA85B36A /* Cinder-URG */ = {
			isa = PBXGroup;
			children = (
				27E11EB5637B44B79AB3F47B /* lib */,
				BDD643CB03704015A9D5C92A /* include */,
				096CB0EFFA8440CFACB14013 /* src */,
			);
			name = "Cinder-URG";
			sourceTree = "<group>";
		};
		01B97315FEAEA392516A2CEA /* Blocks */ = {
			isa = PBXGroup;
			children = (
				772DDFF5BF1148C3BA85B36A /* Cinder-URG */,
			);
			name = Blocks;
			sourceTree = "<group>";
		};
		29B97315FDCFA39411CA2CEA /* Headers */ = {
			isa = PBXGroup;
			children = (
				4AD58E089D9549A392C51870 /* Resources.h */,
				F4A128B870BA4DA4B9A12F3E /* CinderProject_Prefix.pch */,
			);
			name = Headers;
			sourceTree = "<group>";
		};
		29B97317FDCFA39411CA2CEA /* Resources */ = {
			isa = PBXGroup;
			children = (
				1320C84D950246D996202DE8 /* CinderApp.icns */,
				B095153121E246CF9422209B /* Info.plist */,
			);
			name = Resources;
			sourceTree = "<group>";
		};
		29B97323FDCFA39411CA2CEA /* Frameworks */ = {
			isa = PBXGroup;
			children = (
				1058C7A0FEA54F0111CA2CBB /* Linked Frameworks */,
				1058C7A2FEA54F0111CA2CBB /* Other Frameworks */,
			);
			name = Frameworks;
			sourceTree = "<group>";
		};
/* End PBXGroup section */

/* Begin PBXNativeTarget section */
		8D1107260486CEB800E47090 /* CinderProject */ = {
			isa = PBXNativeTarget;
			buildConfigurationList = C01FCF4A08A954540054247B /* Build configuration list for PBXNativeTarget "CinderProject" */;
			buildPhases = (
				8D1107290486CEB800E47090 /* Resources */,
				8D11072C0486CEB800E47090 /* Sources */,
				8D11072E0486CEB800E47090 /* Frameworks */,
			);
			buildRules = (
			);
			dependencies = (
			);
			name = CinderProject;
			productInstallPath = "$(HOME)/Applications";
			productName = CinderProject;
			productReference = 8D1107320486CEB800E47090 /* CinderProject.app */;
			productType = "com.apple.product-type.application";
		};
/* End PBXNativeTarget section */

/* Begin PBXProject section */
		29B97313FDCFA39411CA2CEA /* Project object */ = {
			isa = PBXProject;
			buildConfigurationList = C01FCF4E08A954540054247B /* Build configuration list for PBXProject "CinderProject" */;
			compatibilityVersion = "Xcode 3.2";
			developmentRegion = English;
			hasScannedForEncodings = 1;
			knownRegions = (
				English,
				Japanese,
				French,
				German,
			);
			mainGroup = 29B97314FDCFA39411CA2CEA /* CinderProject */;
			projectDirPath = "";
			projectRoot = "";
			targets = (
				8D1107260486CEB800E47090 /* CinderProject */,
			);
		};
/* End PBXProject section */

/* Begin PBXResourcesBuildPhase section */
		8D1107290486CEB800E47090 /* Resources */ = {
			isa = PBXResourcesBuildPhase;
			buildActionMask = 2147483647;
			files = (
				F4BBE80A53DB47CCB721BF08 /* CinderApp.icns in Resources */,
			);
			runOnlyForDeploymentPostprocessing = 0;
		};
/* End PBXResourcesBuildPhase section */

/* Begin PBXSourcesBuildPhase section */
		8D11072C0486CEB800E47090 /* Sources */ = {
			isa = PBXSourcesBuildPhase;
			buildActionMask = 2147483647;
			files = (
				2B79D42E894F4BBB8633B2EB /* CinderProjectApp.cpp in Sources */,
				676FD516686C41DC856BFEAD /* UrgController.cpp in Sources */,
				3DA7A732D2D94BE98AEB3BB1 /* urg_ticks.c in Sources */,
				06F90F07A00C4ABBA9124995 /* urg_errno.c in Sources */,
				AD4E4BC9A17F4A72BE0F0AC5 /* urg_delay.c in Sources */,
				BB62785B67184390BDE1D1E4 /* urg_ctrl.c in Sources */,
				423FA9ECEAE74FDFA17E1E58 /* serial_utils.c in Sources */,
				FDF2769130DC4EBD9FD69640 /* serial_ctrl.c in Sources */,
				27D79429C274435682382635 /* scip_handler.c in Sources */,
				09EA104A45A34D57A1BEF9EE /* ring_buffer.c in Sources */,
			);
			runOnlyForDeploymentPostprocessing = 0;
		};
/* End PBXSourcesBuildPhase section */

/* Begin XCBuildConfiguration section */
		C01FCF4B08A954540054247B /* Debug */ = {
			isa = XCBuildConfiguration;
			buildSettings = {
				COMBINE_HIDPI_IMAGES = YES;
				DEAD_CODE_STRIPPING = YES;
				COPY_PHASE_STRIP = NO;
				GCC_DYNAMIC_NO_PIC = NO;
				GCC_INLINES_ARE_PRIVATE_EXTERN = YES;
				GCC_OPTIMIZATION_LEVEL = 0;
				GCC_PREPROCESSOR_DEFINITIONS = (
					"DEBUG=1",
					"$(inherited)",
				);
				GCC_PRECOMPILE_PREFIX_HEADER = YES;
				GCC_PREFIX_HEADER = CinderProject_Prefix.pch;
				GCC_SYMBOLS_PRIVATE_EXTERN = NO;
				INFOPLIST_FILE = Info.plist;
				INSTALL_PATH = "$(HOME)/Applications";
				OTHER_LDFLAGS = "\"$(CINDER_PATH)/lib/libcinder_d.a\"";
				PRODUCT_BUNDLE_IDENTIFIER = "org.libcinder.${PRODUCT_NAME:rfc1034identifier}";
				PRODUCT_NAME = CinderProject;
				SYMROOT = ./build;
				WRAPPER_EXTENSION = app;
			};
			name = Debug;
		};
		C01FCF4C08A954540054247B /* Release */ = {
			isa = XCBuildConfiguration;
			buildSettings = {
				COMBINE_HIDPI_IMAGES = YES;
				DEAD_CODE_STRIPPING = YES;
				DEBUG_INFORMATION_FORMAT = "dwarf-with-dsym";
				GCC_FAST_MATH = YES;
				GCC_GENERATE_DEBUGGING_SYMBOLS = NO;
				GCC_INLINES_ARE_PRIVATE_EXTERN = YES;
				GCC_OPTIMIZATION_LEVEL = 3;
				GCC_PREPROCESSOR_DEFINITIONS = (
					"NDEBUG=1",
					"$(inherited)",
				);
				GCC_PRECOMPILE_PREFIX_HEADER = YES;
				GCC_PREFIX_HEADER = CinderProject_Prefix.pch;
				GCC_SYMBOLS_PRIVATE_EXTERN = NO;
				INFOPLIST_FILE = Info.plist;
				INSTALL_PATH = "$(HOME)/Applications";
				OTHER_LDFLAGS = "\"$(CINDER_PATH)/lib/libcinder.a\"";
				PRODUCT_BUNDLE_IDENTIFIER = "org.libcinder.${PRODUCT_NAME:rfc1034identifier}";
				PRODUCT_NAME = CinderProject;
				STRIP_INSTALLED_PRODUCT = YES;
				SYMROOT = ./build;
				WRAPPER_EXTENSION = app;
			};
			name = Release;
		};
		C01FCF4F08A954540054247B /* Debug */ = {
			isa = XCBuildConfiguration;
			buildSettings = {
				ALWAYS_SEARCH_USER_PATHS = NO;
				CINDER_PATH = "../../../../..";
				CLANG_CXX_LANGUAGE_STANDARD = "c++11";
				CLANG_CXX_LIBRARY = "libc++";
				ENABLE_TESTABILITY = YES;
				GCC_WARN_ABOUT_RETURN_TYPE = YES;
				GCC_WARN_UNUSED_VARIABLE = YES;
				HEADER_SEARCH_PATHS = "\"$(CINDER_PATH)/include\"";
				MACOSX_DEPLOYMENT_TARGET = 10.8;
				ONLY_ACTIVE_ARCH = YES;
				SDKROOT = macosx;
				USER_HEADER_SEARCH_PATHS = "\"$(CINDER_PATH)/include\" ../include";
			};
			name = Debug;
		};
		C01FCF5008A954540054247B /* Release */ = {
			isa = XCBuildConfiguration;
			buildSettings = {
				ALWAYS_SEARCH_USER_PATHS = NO;
				CINDER_PATH = "../../../../..";
				CLANG_CXX_LANGUAGE_STANDARD = "c++11";
				CLANG_CXX_LIBRARY = "libc++";
				GCC_WARN_ABOUT_RETURN_TYPE = YES;
				GCC_WARN_UNUSED_VARIABLE = YES;
				HEADER_SEARCH_PATHS = "\"$(CINDER_PATH)/include\"";
				MACOSX_DEPLOYMENT_TARGET = 10.8;
				SDKROOT = macosx;
				USER_HEADER_SEARCH_PATHS = "\"$(CINDER_PATH)/include\" ../include";
			};
			name = Release;
		};
/* End XCBuildConfiguration section */

/* Begin XCConfigurationList section */
		C01FCF4A08A954540054247B /* Build configuration list for PBXNativeTarget "CinderProject" */ = {
			isa = XCConfigurationList;
			buildConfigurations = (
				C01FCF4B08A954540054247B /* Debug */,
				C01FCF4C08A954540054247B /* Release */,
			);
			defaultConfigurationIsVisible = 0;
			defaultConfigurationName = Release;
		};
		C01FCF4E08A954540054247B /* Build configuration list for PBXProject "CinderProject" */ = {
			isa = XCConfigurationList;
			buildConfigurations = (
				C01FCF4F08A954540054247B /* Debug */,
				C01FCF5008A954540054247B /* Release */,
			);
			defaultConfigurationIsVisible = 0;
			defaultConfigurationName = Release;
		};
/* End XCConfigurationList section */
	};
	rootObject = 29B97313FDCFA39411CA2CEA /* Project object */;
}
